// !$*UTF8*$!
{
	archiveVersion = 1;
	classes = {
	};
	objectVersion = 46;
	objects = {

/* Begin PBXBuildFile section */
		0C1F9E5319F9121200FF127C /* AppDelegate.swift in Sources */ = {isa = PBXBuildFile; fileRef = 0C1F9E5219F9121200FF127C /* AppDelegate.swift */; };
		0C1F9E5519F9121200FF127C /* ViewController.swift in Sources */ = {isa = PBXBuildFile; fileRef = 0C1F9E5419F9121200FF127C /* ViewController.swift */; };
		0C1F9E5819F9121200FF127C /* Main.storyboard in Resources */ = {isa = PBXBuildFile; fileRef = 0C1F9E5619F9121200FF127C /* Main.storyboard */; };
		0C1F9E5A19F9121200FF127C /* Images.xcassets in Resources */ = {isa = PBXBuildFile; fileRef = 0C1F9E5919F9121200FF127C /* Images.xcassets */; };
		0C1F9E5D19F9121200FF127C /* LaunchScreen.xib in Resources */ = {isa = PBXBuildFile; fileRef = 0C1F9E5B19F9121200FF127C /* LaunchScreen.xib */; };
		0C1F9E6919F9121200FF127C /* StormyTests.swift in Sources */ = {isa = PBXBuildFile; fileRef = 0C1F9E6819F9121200FF127C /* StormyTests.swift */; };
		0C2A551819FA9B5C0091E46E /* Current.swift in Sources */ = {isa = PBXBuildFile; fileRef = 0C2A551719FA9B5C0091E46E /* Current.swift */; };
/* End PBXBuildFile section */

/* Begin PBXContainerItemProxy section */
		0C1F9E6319F9121200FF127C /* PBXContainerItemProxy */ = {
			isa = PBXContainerItemProxy;
			containerPortal = 0C1F9E4519F9121200FF127C /* Project object */;
			proxyType = 1;
			remoteGlobalIDString = 0C1F9E4C19F9121200FF127C;
			remoteInfo = Stormy;
		};
/* End PBXContainerItemProxy section */

/* Begin PBXFileReference section */
		0C1F9E4D19F9121200FF127C /* Stormy.app */ = {isa = PBXFileReference; explicitFileType = wrapper.application; includeInIndex = 0; path = Stormy.app; sourceTree = BUILT_PRODUCTS_DIR; };
		0C1F9E5119F9121200FF127C /* Info.plist */ = {isa = PBXFileReference; lastKnownFileType = text.plist.xml; path = Info.plist; sourceTree = "<group>"; };
		0C1F9E5219F9121200FF127C /* AppDelegate.swift */ = {isa = PBXFileReference; lastKnownFileType = sourcecode.swift; path = AppDelegate.swift; sourceTree = "<group>"; };
		0C1F9E5419F9121200FF127C /* ViewController.swift */ = {isa = PBXFileReference; lastKnownFileType = sourcecode.swift; path = ViewController.swift; sourceTree = "<group>"; };
		0C1F9E5719F9121200FF127C /* Base */ = {isa = PBXFileReference; lastKnownFileType = file.storyboard; name = Base; path = Base.lproj/Main.storyboard; sourceTree = "<group>"; };
		0C1F9E5919F9121200FF127C /* Images.xcassets */ = {isa = PBXFileReference; lastKnownFileType = folder.assetcatalog; path = Images.xcassets; sourceTree = "<group>"; };
		0C1F9E5C19F9121200FF127C /* Base */ = {isa = PBXFileReference; lastKnownFileType = file.xib; name = Base; path = Base.lproj/LaunchScreen.xib; sourceTree = "<group>"; };
		0C1F9E6219F9121200FF127C /* StormyTests.xctest */ = {isa = PBXFileReference; explicitFileType = wrapper.cfbundle; includeInIndex = 0; path = StormyTests.xctest; sourceTree = BUILT_PRODUCTS_DIR; };
		0C1F9E6719F9121200FF127C /* Info.plist */ = {isa = PBXFileReference; lastKnownFileType = text.plist.xml; path = Info.plist; sourceTree = "<group>"; };
		0C1F9E6819F9121200FF127C /* StormyTests.swift */ = {isa = PBXFileReference; lastKnownFileType = sourcecode.swift; path = StormyTests.swift; sourceTree = "<group>"; };
		0C1F9E7219F94E7E00FF127C /* Scratchpad.playground */ = {isa = PBXFileReference; lastKnownFileType = file.playground; path = Scratchpad.playground; sourceTree = "<group>"; };
		0C2A551719FA9B5C0091E46E /* Current.swift */ = {isa = PBXFileReference; fileEncoding = 4; lastKnownFileType = sourcecode.swift; path = Current.swift; sourceTree = "<group>"; };
/* End PBXFileReference section */

/* Begin PBXFrameworksBuildPhase section */
		0C1F9E4A19F9121200FF127C /* Frameworks */ = {
			isa = PBXFrameworksBuildPhase;
			buildActionMask = 2147483647;
			files = (
			);
			runOnlyForDeploymentPostprocessing = 0;
		};
		0C1F9E5F19F9121200FF127C /* Frameworks */ = {
			isa = PBXFrameworksBuildPhase;
			buildActionMask = 2147483647;
			files = (
			);
			runOnlyForDeploymentPostprocessing = 0;
		};
/* End PBXFrameworksBuildPhase section */

/* Begin PBXGroup section */
		0C1F9E4419F9121200FF127C = {
			isa = PBXGroup;
			children = (
				0C1F9E4F19F9121200FF127C /* Stormy */,
				0C1F9E6519F9121200FF127C /* StormyTests */,
				0C1F9E4E19F9121200FF127C /* Products */,
			);
			sourceTree = "<group>";
		};
		0C1F9E4E19F9121200FF127C /* Products */ = {
			isa = PBXGroup;
			children = (
				0C1F9E4D19F9121200FF127C /* Stormy.app */,
				0C1F9E6219F9121200FF127C /* StormyTests.xctest */,
			);
			name = Products;
			sourceTree = "<group>";
		};
		0C1F9E4F19F9121200FF127C /* Stormy */ = {
			isa = PBXGroup;
			children = (
				0C1F9E5219F9121200FF127C /* AppDelegate.swift */,
				0C1F9E5419F9121200FF127C /* ViewController.swift */,
				0C2A551719FA9B5C0091E46E /* Current.swift */,
				0C1F9E5619F9121200FF127C /* Main.storyboard */,
				0C1F9E5919F9121200FF127C /* Images.xcassets */,
				0C1F9E5B19F9121200FF127C /* LaunchScreen.xib */,
				0C1F9E7319F94E8700FF127C /* Playgrounds */,
				0C1F9E5019F9121200FF127C /* Supporting Files */,
			);
			path = Stormy;
			sourceTree = "<group>";
		};
		0C1F9E5019F9121200FF127C /* Supporting Files */ = {
			isa = PBXGroup;
			children = (
				0C1F9E5119F9121200FF127C /* Info.plist */,
			);
			name = "Supporting Files";
			sourceTree = "<group>";
		};
		0C1F9E6519F9121200FF127C /* StormyTests */ = {
			isa = PBXGroup;
			children = (
				0C1F9E6819F9121200FF127C /* StormyTests.swift */,
				0C1F9E6619F9121200FF127C /* Supporting Files */,
			);
			path = StormyTests;
			sourceTree = "<group>";
		};
		0C1F9E6619F9121200FF127C /* Supporting Files */ = {
			isa = PBXGroup;
			children = (
				0C1F9E6719F9121200FF127C /* Info.plist */,
			);
			name = "Supporting Files";
			sourceTree = "<group>";
		};
		0C1F9E7319F94E8700FF127C /* Playgrounds */ = {
			isa = PBXGroup;
			children = (
				0C1F9E7219F94E7E00FF127C /* Scratchpad.playground */,
			);
			name = Playgrounds;
			sourceTree = "<group>";
		};
/* End PBXGroup section */

/* Begin PBXNativeTarget section */
		0C1F9E4C19F9121200FF127C /* Stormy */ = {
			isa = PBXNativeTarget;
			buildConfigurationList = 0C1F9E6C19F9121200FF127C /* Build configuration list for PBXNativeTarget "Stormy" */;
			buildPhases = (
				0C1F9E4919F9121200FF127C /* Sources */,
				0C1F9E4A19F9121200FF127C /* Frameworks */,
				0C1F9E4B19F9121200FF127C /* Resources */,
			);
			buildRules = (
			);
			dependencies = (
			);
			name = Stormy;
			productName = Stormy;
			productReference = 0C1F9E4D19F9121200FF127C /* Stormy.app */;
			productType = "com.apple.product-type.application";
		};
		0C1F9E6119F9121200FF127C /* StormyTests */ = {
			isa = PBXNativeTarget;
			buildConfigurationList = 0C1F9E6F19F9121200FF127C /* Build configuration list for PBXNativeTarget "StormyTests" */;
			buildPhases = (
				0C1F9E5E19F9121200FF127C /* Sources */,
				0C1F9E5F19F9121200FF127C /* Frameworks */,
				0C1F9E6019F9121200FF127C /* Resources */,
			);
			buildRules = (
			);
			dependencies = (
				0C1F9E6419F9121200FF127C /* PBXTargetDependency */,
			);
			name = StormyTests;
			productName = StormyTests;
			productReference = 0C1F9E6219F9121200FF127C /* StormyTests.xctest */;
			productType = "com.apple.product-type.bundle.unit-test";
		};
/* End PBXNativeTarget section */

/* Begin PBXProject section */
		0C1F9E4519F9121200FF127C /* Project object */ = {
			isa = PBXProject;
			attributes = {
				LastUpgradeCheck = 0610;
				ORGANIZATIONNAME = M;
				TargetAttributes = {
					0C1F9E4C19F9121200FF127C = {
						CreatedOnToolsVersion = 6.1;
					};
					0C1F9E6119F9121200FF127C = {
						CreatedOnToolsVersion = 6.1;
						TestTargetID = 0C1F9E4C19F9121200FF127C;
					};
				};
			};
			buildConfigurationList = 0C1F9E4819F9121200FF127C /* Build configuration list for PBXProject "Stormy" */;
			compatibilityVersion = "Xcode 3.2";
			developmentRegion = English;
			hasScannedForEncodings = 0;
			knownRegions = (
				en,
				Base,
			);
			mainGroup = 0C1F9E4419F9121200FF127C;
			productRefGroup = 0C1F9E4E19F9121200FF127C /* Products */;
			projectDirPath = "";
			projectRoot = "";
			targets = (
				0C1F9E4C19F9121200FF127C /* Stormy */,
				0C1F9E6119F9121200FF127C /* StormyTests */,
			);
		};
/* End PBXProject section */

/* Begin PBXResourcesBuildPhase section */
		0C1F9E4B19F9121200FF127C /* Resources */ = {
			isa = PBXResourcesBuildPhase;
			buildActionMask = 2147483647;
			files = (
				0C1F9E5819F9121200FF127C /* Main.storyboard in Resources */,
				0C1F9E5D19F9121200FF127C /* LaunchScreen.xib in Resources */,
				0C1F9E5A19F9121200FF127C /* Images.xcassets in Resources */,
			);
			runOnlyForDeploymentPostprocessing = 0;
		};
		0C1F9E6019F9121200FF127C /* Resources */ = {
			isa = PBXResourcesBuildPhase;
			buildActionMask = 2147483647;
			files = (
			);
			runOnlyForDeploymentPostprocessing = 0;
		};
/* End PBXResourcesBuildPhase section */

/* Begin PBXSourcesBuildPhase section */
		0C1F9E4919F9121200FF127C /* Sources */ = {
			isa = PBXSourcesBuildPhase;
			buildActionMask = 2147483647;
			files = (
				0C2A551819FA9B5C0091E46E /* Current.swift in Sources */,
				0C1F9E5519F9121200FF127C /* ViewController.swift in Sources */,
				0C1F9E5319F9121200FF127C /* AppDelegate.swift in Sources */,
			);
			runOnlyForDeploymentPostprocessing = 0;
		};
		0C1F9E5E19F9121200FF127C /* Sources */ = {
			isa = PBXSourcesBuildPhase;
			buildActionMask = 2147483647;
			files = (
				0C1F9E6919F9121200FF127C /* StormyTests.swift in Sources */,
			);
			runOnlyForDeploymentPostprocessing = 0;
		};
/* End PBXSourcesBuildPhase section */

/* Begin PBXTargetDependency section */
		0C1F9E6419F9121200FF127C /* PBXTargetDependency */ = {
			isa = PBXTargetDependency;
			target = 0C1F9E4C19F9121200FF127C /* Stormy */;
			targetProxy = 0C1F9E6319F9121200FF127C /* PBXContainerItemProxy */;
		};
/* End PBXTargetDependency section */

/* Begin PBXVariantGroup section */
		0C1F9E5619F9121200FF127C /* Main.storyboard */ = {
			isa = PBXVariantGroup;
			children = (
				0C1F9E5719F9121200FF127C /* Base */,
			);
			name = Main.storyboard;
			sourceTree = "<group>";
		};
		0C1F9E5B19F9121200FF127C /* LaunchScreen.xib */ = {
			isa = PBXVariantGroup;
			children = (
				0C1F9E5C19F9121200FF127C /* Base */,
			);
			name = LaunchScreen.xib;
			sourceTree = "<group>";
		};
/* End PBXVariantGroup section */

/* Begin XCBuildConfiguration section */
		0C1F9E6A19F9121200FF127C /* Debug */ = {
			isa = XCBuildConfiguration;
			buildSettings = {
				ALWAYS_SEARCH_USER_PATHS = NO;
				CLANG_CXX_LANGUAGE_STANDARD = "gnu++0x";
				CLANG_CXX_LIBRARY = "libc++";
				CLANG_ENABLE_MODULES = YES;
				CLANG_ENABLE_OBJC_ARC = YES;
				CLANG_WARN_BOOL_CONVERSION = YES;
				CLANG_WARN_CONSTANT_CONVERSION = YES;
				CLANG_WARN_DIRECT_OBJC_ISA_USAGE = YES_ERROR;
				CLANG_WARN_EMPTY_BODY = YES;
				CLANG_WARN_ENUM_CONVERSION = YES;
				CLANG_WARN_INT_CONVERSION = YES;
				CLANG_WARN_OBJC_ROOT_CLASS = YES_ERROR;
				CLANG_WARN_UNREACHABLE_CODE = YES;
				CLANG_WARN__DUPLICATE_METHOD_MATCH = YES;
				"CODE_SIGN_IDENTITY[sdk=iphoneos*]" = "iPhone Developer";
				COPY_PHASE_STRIP = NO;
				ENABLE_STRICT_OBJC_MSGSEND = YES;
				GCC_C_LANGUAGE_STANDARD = gnu99;
				GCC_DYNAMIC_NO_PIC = NO;
				GCC_OPTIMIZATION_LEVEL = 0;
				GCC_PREPROCESSOR_DEFINITIONS = (
					"DEBUG=1",
					"$(inherited)",
				);
				GCC_SYMBOLS_PRIVATE_EXTERN = NO;
				GCC_WARN_64_TO_32_BIT_CONVERSION = YES;
				GCC_WARN_ABOUT_RETURN_TYPE = YES_ERROR;
				GCC_WARN_UNDECLARED_SELECTOR = YES;
				GCC_WARN_UNINITIALIZED_AUTOS = YES_AGGRESSIVE;
				GCC_WARN_UNUSED_FUNCTION = YES;
				GCC_WARN_UNUSED_VARIABLE = YES;
				IPHONEOS_DEPLOYMENT_TARGET = 7.0;
				MTL_ENABLE_DEBUG_INFO = YES;
				ONLY_ACTIVE_ARCH = YES;
				SDKROOT = iphoneos;
				SWIFT_OPTIMIZATION_LEVEL = "-Onone";
			};
			name = Debug;
		};
		0C1F9E6B19F9121200FF127C /* Release */ = {
			isa = XCBuildConfiguration;
			buildSettings = {
				ALWAYS_SEARCH_USER_PATHS = NO;
				CLANG_CXX_LANGUAGE_STANDARD = "gnu++0x";
				CLANG_CXX_LIBRARY = "libc++";
				CLANG_ENABLE_MODULES = YES;
				CLANG_ENABLE_OBJC_ARC = YES;
				CLANG_WARN_BOOL_CONVERSION = YES;
				CLANG_WARN_CONSTANT_CONVERSION = YES;
				CLANG_WARN_DIRECT_OBJC_ISA_USAGE = YES_ERROR;
				CLANG_WARN_EMPTY_BODY = YES;
				CLANG_WARN_ENUM_CONVERSION = YES;
				CLANG_WARN_INT_CONVERSION = YES;
				CLANG_WARN_OBJC_ROOT_CLASS = YES_ERROR;
				CLANG_WARN_UNREACHABLE_CODE = YES;
				CLANG_WARN__DUPLICATE_METHOD_MATCH = YES;
				"CODE_SIGN_IDENTITY[sdk=iphoneos*]" = "iPhone Developer";
				COPY_PHASE_STRIP = YES;
				ENABLE_NS_ASSERTIONS = NO;
				ENABLE_STRICT_OBJC_MSGSEND = YES;
				GCC_C_LANGUAGE_STANDARD = gnu99;
				GCC_WARN_64_TO_32_BIT_CONVERSION = YES;
				GCC_WARN_ABOUT_RETURN_TYPE = YES_ERROR;
				GCC_WARN_UNDECLARED_SELECTOR = YES;
				GCC_WARN_UNINITIALIZED_AUTOS = YES_AGGRESSIVE;
				GCC_WARN_UNUSED_FUNCTION = YES;
				GCC_WARN_UNUSED_VARIABLE = YES;
				IPHONEOS_DEPLOYMENT_TARGET = 7.0;
				MTL_ENABLE_DEBUG_INFO = NO;
				SDKROOT = iphoneos;
				VALIDATE_PRODUCT = YES;
			};
			name = Release;
		};
		0C1F9E6D19F9121200FF127C /* Debug */ = {
			isa = XCBuildConfiguration;
			buildSettings = {
				ASSETCATALOG_COMPILER_APPICON_NAME = AppIcon;
				INFOPLIST_FILE = Stormy/Info.plist;
				IPHONEOS_DEPLOYMENT_TARGET = 7.0;
				LD_RUNPATH_SEARCH_PATHS = "$(inherited) @executable_path/Frameworks";
				PRODUCT_NAME = "$(TARGET_NAME)";
				TARGETED_DEVICE_FAMILY = "1,2";
			};
			name = Debug;
		};
		0C1F9E6E19F9121200FF127C /* Release */ = {
			isa = XCBuildConfiguration;
			buildSettings = {
				ASSETCATALOG_COMPILER_APPICON_NAME = AppIcon;
				INFOPLIST_FILE = Stormy/Info.plist;
				IPHONEOS_DEPLOYMENT_TARGET = 7.0;
				LD_RUNPATH_SEARCH_PATHS = "$(inherited) @executable_path/Frameworks";
				PRODUCT_NAME = "$(TARGET_NAME)";
				TARGETED_DEVICE_FAMILY = "1,2";
			};
			name = Release;
		};
		0C1F9E7019F9121200FF127C /* Debug */ = {
			isa = XCBuildConfiguration;
			buildSettings = {
				BUNDLE_LOADER = "$(TEST_HOST)";
				FRAMEWORK_SEARCH_PATHS = (
					"$(SDKROOT)/Developer/Library/Frameworks",
					"$(inherited)",
				);
				GCC_PREPROCESSOR_DEFINITIONS = (
					"DEBUG=1",
					"$(inherited)",
				);
				INFOPLIST_FILE = StormyTests/Info.plist;
				LD_RUNPATH_SEARCH_PATHS = "$(inherited) @executable_path/Frameworks @loader_path/Frameworks";
				PRODUCT_NAME = "$(TARGET_NAME)";
				TEST_HOST = "$(BUILT_PRODUCTS_DIR)/Stormy.app/Stormy";
			};
			name = Debug;
		};
		0C1F9E7119F9121200FF127C /* Release */ = {
			isa = XCBuildConfiguration;
			buildSettings = {
				BUNDLE_LOADER = "$(TEST_HOST)";
				FRAMEWORK_SEARCH_PATHS = (
					"$(SDKROOT)/Developer/Library/Frameworks",
					"$(inherited)",
				);
				INFOPLIST_FILE = StormyTests/Info.plist;
				LD_RUNPATH_SEARCH_PATHS = "$(inherited) @executable_path/Frameworks @loader_path/Frameworks";
				PRODUCT_NAME = "$(TARGET_NAME)";
				TEST_HOST = "$(BUILT_PRODUCTS_DIR)/Stormy.app/Stormy";
			};
			name = Release;
		};
/* End XCBuildConfiguration section */

/* Begin XCConfigurationList section */
		0C1F9E4819F9121200FF127C /* Build configuration list for PBXProject "Stormy" */ = {
			isa = XCConfigurationList;
			buildConfigurations = (
				0C1F9E6A19F9121200FF127C /* Debug */,
				0C1F9E6B19F9121200FF127C /* Release */,
			);
			defaultConfigurationIsVisible = 0;
			defaultConfigurationName = Release;
		};
		0C1F9E6C19F9121200FF127C /* Build configuration list for PBXNativeTarget "Stormy" */ = {
			isa = XCConfigurationList;
			buildConfigurations = (
				0C1F9E6D19F9121200FF127C /* Debug */,
				0C1F9E6E19F9121200FF127C /* Release */,
			);
			defaultConfigurationIsVisible = 0;
			defaultConfigurationName = Release;
		};
		0C1F9E6F19F9121200FF127C /* Build configuration list for PBXNativeTarget "StormyTests" */ = {
			isa = XCConfigurationList;
			buildConfigurations = (
				0C1F9E7019F9121200FF127C /* Debug */,
				0C1F9E7119F9121200FF127C /* Release */,
			);
			defaultConfigurationIsVisible = 0;
			defaultConfigurationName = Release;
		};
/* End XCConfigurationList section */
	};
	rootObject = 0C1F9E4519F9121200FF127C /* Project object */;
}
